
Microsoft Visual Studio Solution File, Format Version 12.00
# Visual Studio 15
VisualStudioVersion = 15.0.27703.2047
MinimumVisualStudioVersion = 10.0.40219.1
Project("{FAE04EC0-301F-11D3-BF4B-00C04F79EFBC}") = "Ejercicio 50", "Ejercicio 50\Ejercicio 50.csproj", "{FB292BAE-D699-4F9E-B32E-C5FC370ACABD}"
EndProject
Global
	GlobalSection(SolutionConfigurationPlatforms) = preSolution
		Debug|Any CPU = Debug|Any CPU
		Release|Any CPU = Release|Any CPU
	EndGlobalSection
	GlobalSection(ProjectConfigurationPlatforms) = postSolution
		{FB292BAE-D699-4F9E-B32E-C5FC370ACABD}.Debug|Any CPU.ActiveCfg = Debug|Any CPU
		{FB292BAE-D699-4F9E-B32E-C5FC370ACABD}.Debug|Any CPU.Build.0 = Debug|Any CPU
		{FB292BAE-D699-4F9E-B32E-C5FC370ACABD}.Release|Any CPU.ActiveCfg = Release|Any CPU
		{FB292BAE-D699-4F9E-B32E-C5FC370ACABD}.Release|Any CPU.Build.0 = Release|Any CPU
	EndGlobalSection
	GlobalSection(SolutionProperties) = preSolution
		HideSolutionNode = FALSE
	EndGlobalSection
	GlobalSection(ExtensibilityGlobals) = postSolution
		SolutionGuid = {8D5E57B1-D9B3-40B2-8531-1BCEF5D1E31A}
	EndGlobalSection
EndGlobal
