
Microsoft Visual Studio Solution File, Format Version 12.00
# Visual Studio Express 15 for Windows Desktop
VisualStudioVersion = 15.0.28010.2003
MinimumVisualStudioVersion = 10.0.40219.1
Project("{FAE04EC0-301F-11D3-BF4B-00C04F79EFBC}") = "ejercicio 17", "ejercicio 17\ejercicio 17.csproj", "{1AAA3E96-CBCE-44BF-9D08-1E0E510D370C}"
EndProject
Global
	GlobalSection(SolutionConfigurationPlatforms) = preSolution
		Debug|Any CPU = Debug|Any CPU
		Release|Any CPU = Release|Any CPU
	EndGlobalSection
	GlobalSection(ProjectConfigurationPlatforms) = postSolution
		{1AAA3E96-CBCE-44BF-9D08-1E0E510D370C}.Debug|Any CPU.ActiveCfg = Debug|Any CPU
		{1AAA3E96-CBCE-44BF-9D08-1E0E510D370C}.Debug|Any CPU.Build.0 = Debug|Any CPU
		{1AAA3E96-CBCE-44BF-9D08-1E0E510D370C}.Release|Any CPU.ActiveCfg = Release|Any CPU
		{1AAA3E96-CBCE-44BF-9D08-1E0E510D370C}.Release|Any CPU.Build.0 = Release|Any CPU
	EndGlobalSection
	GlobalSection(SolutionProperties) = preSolution
		HideSolutionNode = FALSE
	EndGlobalSection
	GlobalSection(ExtensibilityGlobals) = postSolution
		SolutionGuid = {1062A022-8632-4BC2-9F7B-10A458A8EBE9}
	EndGlobalSection
EndGlobal
