
Microsoft Visual Studio Solution File, Format Version 12.00
# Visual Studio 15
VisualStudioVersion = 15.0.28010.2036
MinimumVisualStudioVersion = 10.0.40219.1
Project("{FAE04EC0-301F-11D3-BF4B-00C04F79EFBC}") = "Ejercicio 56", "Ejercicio 56\Ejercicio 56.csproj", "{26E2C030-227B-4BD4-9AAE-7C054C0478C3}"
EndProject
Project("{FAE04EC0-301F-11D3-BF4B-00C04F79EFBC}") = "IO", "IO\IO.csproj", "{E4397268-12A9-4988-9DC9-E924BFFFCE31}"
EndProject
Global
	GlobalSection(SolutionConfigurationPlatforms) = preSolution
		Debug|Any CPU = Debug|Any CPU
		Release|Any CPU = Release|Any CPU
	EndGlobalSection
	GlobalSection(ProjectConfigurationPlatforms) = postSolution
		{26E2C030-227B-4BD4-9AAE-7C054C0478C3}.Debug|Any CPU.ActiveCfg = Debug|Any CPU
		{26E2C030-227B-4BD4-9AAE-7C054C0478C3}.Debug|Any CPU.Build.0 = Debug|Any CPU
		{26E2C030-227B-4BD4-9AAE-7C054C0478C3}.Release|Any CPU.ActiveCfg = Release|Any CPU
		{26E2C030-227B-4BD4-9AAE-7C054C0478C3}.Release|Any CPU.Build.0 = Release|Any CPU
		{E4397268-12A9-4988-9DC9-E924BFFFCE31}.Debug|Any CPU.ActiveCfg = Debug|Any CPU
		{E4397268-12A9-4988-9DC9-E924BFFFCE31}.Debug|Any CPU.Build.0 = Debug|Any CPU
		{E4397268-12A9-4988-9DC9-E924BFFFCE31}.Release|Any CPU.ActiveCfg = Release|Any CPU
		{E4397268-12A9-4988-9DC9-E924BFFFCE31}.Release|Any CPU.Build.0 = Release|Any CPU
	EndGlobalSection
	GlobalSection(SolutionProperties) = preSolution
		HideSolutionNode = FALSE
	EndGlobalSection
	GlobalSection(ExtensibilityGlobals) = postSolution
		SolutionGuid = {99F5D787-4178-402A-92DB-D9F89A7B6F0B}
	EndGlobalSection
EndGlobal
