
Microsoft Visual Studio Solution File, Format Version 12.00
# Visual Studio Express 15 for Windows Desktop
VisualStudioVersion = 15.0.28010.2036
MinimumVisualStudioVersion = 10.0.40219.1
Project("{FAE04EC0-301F-11D3-BF4B-00C04F79EFBC}") = "Ejercicio 69", "Ejercicio 69\Ejercicio 69.csproj", "{F101F9CE-7E3C-4F5F-B798-7F0FD74602DE}"
EndProject
Global
	GlobalSection(SolutionConfigurationPlatforms) = preSolution
		Debug|Any CPU = Debug|Any CPU
		Release|Any CPU = Release|Any CPU
	EndGlobalSection
	GlobalSection(ProjectConfigurationPlatforms) = postSolution
		{F101F9CE-7E3C-4F5F-B798-7F0FD74602DE}.Debug|Any CPU.ActiveCfg = Debug|Any CPU
		{F101F9CE-7E3C-4F5F-B798-7F0FD74602DE}.Debug|Any CPU.Build.0 = Debug|Any CPU
		{F101F9CE-7E3C-4F5F-B798-7F0FD74602DE}.Release|Any CPU.ActiveCfg = Release|Any CPU
		{F101F9CE-7E3C-4F5F-B798-7F0FD74602DE}.Release|Any CPU.Build.0 = Release|Any CPU
	EndGlobalSection
	GlobalSection(SolutionProperties) = preSolution
		HideSolutionNode = FALSE
	EndGlobalSection
	GlobalSection(ExtensibilityGlobals) = postSolution
		SolutionGuid = {1D042482-A997-4101-A62B-C6F2D6920621}
	EndGlobalSection
EndGlobal
