
Microsoft Visual Studio Solution File, Format Version 12.00
# Visual Studio 15
VisualStudioVersion = 15.0.27703.2047
MinimumVisualStudioVersion = 10.0.40219.1
Project("{FAE04EC0-301F-11D3-BF4B-00C04F79EFBC}") = "Ejercicio28", "Ejercicio28\Ejercicio28.csproj", "{485A2A45-1DDB-47DC-984C-00FE6F538245}"
EndProject
Project("{FAE04EC0-301F-11D3-BF4B-00C04F79EFBC}") = "RichTextBox", "RichTextBox\RichTextBox.csproj", "{BE61E500-2B0C-43A2-8D50-C753B302B148}"
EndProject
Global
	GlobalSection(SolutionConfigurationPlatforms) = preSolution
		Debug|Any CPU = Debug|Any CPU
		Release|Any CPU = Release|Any CPU
	EndGlobalSection
	GlobalSection(ProjectConfigurationPlatforms) = postSolution
		{485A2A45-1DDB-47DC-984C-00FE6F538245}.Debug|Any CPU.ActiveCfg = Debug|Any CPU
		{485A2A45-1DDB-47DC-984C-00FE6F538245}.Debug|Any CPU.Build.0 = Debug|Any CPU
		{485A2A45-1DDB-47DC-984C-00FE6F538245}.Release|Any CPU.ActiveCfg = Release|Any CPU
		{485A2A45-1DDB-47DC-984C-00FE6F538245}.Release|Any CPU.Build.0 = Release|Any CPU
		{BE61E500-2B0C-43A2-8D50-C753B302B148}.Debug|Any CPU.ActiveCfg = Debug|Any CPU
		{BE61E500-2B0C-43A2-8D50-C753B302B148}.Debug|Any CPU.Build.0 = Debug|Any CPU
		{BE61E500-2B0C-43A2-8D50-C753B302B148}.Release|Any CPU.ActiveCfg = Release|Any CPU
		{BE61E500-2B0C-43A2-8D50-C753B302B148}.Release|Any CPU.Build.0 = Release|Any CPU
	EndGlobalSection
	GlobalSection(SolutionProperties) = preSolution
		HideSolutionNode = FALSE
	EndGlobalSection
	GlobalSection(ExtensibilityGlobals) = postSolution
		SolutionGuid = {1C711E55-AA67-49BC-B2C8-99C7C7D004CE}
	EndGlobalSection
EndGlobal
