
Microsoft Visual Studio Solution File, Format Version 12.00
# Visual Studio Express 15 for Windows Desktop
VisualStudioVersion = 15.0.28010.2036
MinimumVisualStudioVersion = 10.0.40219.1
Project("{FAE04EC0-301F-11D3-BF4B-00C04F79EFBC}") = "FrmPpal", "empiezo tp4\FrmPpal.csproj", "{463CCD3D-9233-4986-970E-43F4DE9527D4}"
EndProject
Project("{FAE04EC0-301F-11D3-BF4B-00C04F79EFBC}") = "CorreoTP4", "CorreoTP4\CorreoTP4.csproj", "{D7D46BE4-4E4C-49F3-8308-B62F920C2595}"
EndProject
Project("{FAE04EC0-301F-11D3-BF4B-00C04F79EFBC}") = "Excepciones", "Excepciones\Excepciones.csproj", "{22E7EB8E-3EB5-47A2-A11A-89735C885823}"
EndProject
Global
	GlobalSection(SolutionConfigurationPlatforms) = preSolution
		Debug|Any CPU = Debug|Any CPU
		Release|Any CPU = Release|Any CPU
	EndGlobalSection
	GlobalSection(ProjectConfigurationPlatforms) = postSolution
		{463CCD3D-9233-4986-970E-43F4DE9527D4}.Debug|Any CPU.ActiveCfg = Debug|Any CPU
		{463CCD3D-9233-4986-970E-43F4DE9527D4}.Debug|Any CPU.Build.0 = Debug|Any CPU
		{463CCD3D-9233-4986-970E-43F4DE9527D4}.Release|Any CPU.ActiveCfg = Release|Any CPU
		{463CCD3D-9233-4986-970E-43F4DE9527D4}.Release|Any CPU.Build.0 = Release|Any CPU
		{D7D46BE4-4E4C-49F3-8308-B62F920C2595}.Debug|Any CPU.ActiveCfg = Debug|Any CPU
		{D7D46BE4-4E4C-49F3-8308-B62F920C2595}.Debug|Any CPU.Build.0 = Debug|Any CPU
		{D7D46BE4-4E4C-49F3-8308-B62F920C2595}.Release|Any CPU.ActiveCfg = Release|Any CPU
		{D7D46BE4-4E4C-49F3-8308-B62F920C2595}.Release|Any CPU.Build.0 = Release|Any CPU
		{22E7EB8E-3EB5-47A2-A11A-89735C885823}.Debug|Any CPU.ActiveCfg = Debug|Any CPU
		{22E7EB8E-3EB5-47A2-A11A-89735C885823}.Debug|Any CPU.Build.0 = Debug|Any CPU
		{22E7EB8E-3EB5-47A2-A11A-89735C885823}.Release|Any CPU.ActiveCfg = Release|Any CPU
		{22E7EB8E-3EB5-47A2-A11A-89735C885823}.Release|Any CPU.Build.0 = Release|Any CPU
	EndGlobalSection
	GlobalSection(SolutionProperties) = preSolution
		HideSolutionNode = FALSE
	EndGlobalSection
	GlobalSection(ExtensibilityGlobals) = postSolution
		SolutionGuid = {9A016028-309E-479C-87D9-9EE64A051E18}
	EndGlobalSection
EndGlobal
